{
  "nodes": {
    "nixpkgs": {
      "locked": {
        "lastModified": 1752162966,
        "narHash": "sha256-3MxxkU8ZXMHXcbFz7UE4M6qnIPTYGcE/7EMqlZNnVDE=",
        "owner": "NixOS",
        "repo": "nixpkgs",
        "rev": "10e687235226880ed5e9f33f1ffa71fe60f2638a",
        "type": "github"
      },
      "original": {
        "owner": "NixOS",
        "ref": "nixos-25.05",
        "repo": "nixpkgs",
        "type": "github"
      }
    },
    "root": {
      "inputs": {
        "nixpkgs": "nixpkgs",
        "systems": "systems"
      }
    },
    "systems": {
      "locked": {
        "lastModified": 1689347949,
        "narHash": "sha256-12tWmuL2zgBgZkdoB6qXZsgJEH9LR3oUgpaQq2RbI80=",
        "owner": "nix-systems",
        "repo": "default-linux",
        "rev": "31732fcf5e8fea42e59c2488ad31a0e651500f68",
        "type": "github"
      },
      "original": {
        "owner": "nix-systems",
        "repo": "default-linux",
        "type": "github"
      }
    }
  },
  "root": "root",
  "version": 7
}
